
Microsoft Visual Studio Solution File, Format Version 12.00
# Visual Studio Version 16
VisualStudioVersion = 16.0.30611.23
MinimumVisualStudioVersion = 10.0.40219.1
Project("{FAE04EC0-301F-11D3-BF4B-00C04F79EFBC}") = "MichałKasperek_Z2_Zaliczenie", "MichałKasperek_Z2_Zaliczenie\MichałKasperek_Z2_Zaliczenie.csproj", "{BFA746EF-B7A5-4411-99E6-01DB474D4CBF}"
EndProject
Global
	GlobalSection(SolutionConfigurationPlatforms) = preSolution
		Debug|Any CPU = Debug|Any CPU
		Release|Any CPU = Release|Any CPU
	EndGlobalSection
	GlobalSection(ProjectConfigurationPlatforms) = postSolution
		{BFA746EF-B7A5-4411-99E6-01DB474D4CBF}.Debug|Any CPU.ActiveCfg = Debug|Any CPU
		{BFA746EF-B7A5-4411-99E6-01DB474D4CBF}.Debug|Any CPU.Build.0 = Debug|Any CPU
		{BFA746EF-B7A5-4411-99E6-01DB474D4CBF}.Release|Any CPU.ActiveCfg = Release|Any CPU
		{BFA746EF-B7A5-4411-99E6-01DB474D4CBF}.Release|Any CPU.Build.0 = Release|Any CPU
	EndGlobalSection
	GlobalSection(SolutionProperties) = preSolution
		HideSolutionNode = FALSE
	EndGlobalSection
	GlobalSection(ExtensibilityGlobals) = postSolution
		SolutionGuid = {2F8F150D-0E5B-48CD-8452-D607FC2ADF09}
	EndGlobalSection
EndGlobal
